
Microsoft Visual Studio Solution File, Format Version 12.00
# Visual Studio Version 16
VisualStudioVersion = 16.0.31112.23
MinimumVisualStudioVersion = 10.0.40219.1
Project("{FAE04EC0-301F-11D3-BF4B-00C04F79EFBC}") = "EntitasTest", "EntitasTest.csproj", "{1C633B55-DE4E-4226-A748-D3AC628266F0}"
EndProject
Global
	GlobalSection(SolutionConfigurationPlatforms) = preSolution
		Debug|Any CPU = Debug|Any CPU
		Release|Any CPU = Release|Any CPU
	EndGlobalSection
	GlobalSection(ProjectConfigurationPlatforms) = postSolution
		{1C633B55-DE4E-4226-A748-D3AC628266F0}.Debug|Any CPU.ActiveCfg = Debug|Any CPU
		{1C633B55-DE4E-4226-A748-D3AC628266F0}.Debug|Any CPU.Build.0 = Debug|Any CPU
		{1C633B55-DE4E-4226-A748-D3AC628266F0}.Release|Any CPU.ActiveCfg = Release|Any CPU
		{1C633B55-DE4E-4226-A748-D3AC628266F0}.Release|Any CPU.Build.0 = Release|Any CPU
	EndGlobalSection
	GlobalSection(SolutionProperties) = preSolution
		HideSolutionNode = FALSE
	EndGlobalSection
	GlobalSection(ExtensibilityGlobals) = postSolution
		SolutionGuid = {4D5BA1EC-4D66-49EE-9E0F-71C74EE01439}
	EndGlobalSection
EndGlobal
